<Solution>
  <Folder Name="/src/">
    <Project Path="src/TWStockLib.Core/TWStockLib.Core.csproj" />
    <Project Path="src/TWStockLib.Twse/TWStockLib.Twse.csproj" />
  </Folder>
  <Folder Name="/samples/">
    <Project Path="TestExample/TestExample.csproj" />
  </Folder>
  <Folder Name="/tests/">
    <Project Path="tests/TWStockLib.Core.Tests/TWStockLib.Core.Tests.csproj" />
    <Project Path="tests/TWStockLib.Twse.Tests/TWStockLib.Twse.Tests.csproj" />
  </Folder>
</Solution>
